// !$*UTF8*$!
{
	archiveVersion = 1;
	classes = {
	};
	objectVersion = 56;
	objects = {

/* Begin PBXBuildFile section */
		BD041DDE284FE22000770505 /* ios16_testApp.swift in Sources */ = {isa = PBXBuildFile; fileRef = BD041DDD284FE22000770505 /* ios16_testApp.swift */; };
		BD041DE0284FE22000770505 /* FizzBuzzContent.swift in Sources */ = {isa = PBXBuildFile; fileRef = BD041DDF284FE22000770505 /* FizzBuzzContent.swift */; };
		BD041DE2284FE22100770505 /* Assets.xcassets in Resources */ = {isa = PBXBuildFile; fileRef = BD041DE1284FE22100770505 /* Assets.xcassets */; };
		BD041DE6284FE22100770505 /* Preview Assets.xcassets in Resources */ = {isa = PBXBuildFile; fileRef = BD041DE5284FE22100770505 /* Preview Assets.xcassets */; };
		BD041DF0284FE22100770505 /* ios16_testTests.swift in Sources */ = {isa = PBXBuildFile; fileRef = BD041DEF284FE22100770505 /* ios16_testTests.swift */; };
		BD041DFA284FE22100770505 /* ios16_testUITests.swift in Sources */ = {isa = PBXBuildFile; fileRef = BD041DF9284FE22100770505 /* ios16_testUITests.swift */; };
		BD041DFC284FE22100770505 /* ios16_testUITestsLaunchTests.swift in Sources */ = {isa = PBXBuildFile; fileRef = BD041DFB284FE22100770505 /* ios16_testUITestsLaunchTests.swift */; };
		BD041E0F284FEB7400770505 /* TextCell.swift in Sources */ = {isa = PBXBuildFile; fileRef = BD041E0E284FEB7400770505 /* TextCell.swift */; };
		BD041E11284FEC2B00770505 /* FizzBuzzDetail.swift in Sources */ = {isa = PBXBuildFile; fileRef = BD041E10284FEC2B00770505 /* FizzBuzzDetail.swift */; };
		BD041E13284FEFC500770505 /* UIList.swift in Sources */ = {isa = PBXBuildFile; fileRef = BD041E12284FEFC500770505 /* UIList.swift */; };
/* End PBXBuildFile section */

/* Begin PBXContainerItemProxy section */
		BD041DEC284FE22100770505 /* PBXContainerItemProxy */ = {
			isa = PBXContainerItemProxy;
			containerPortal = BD041DD2284FE22000770505 /* Project object */;
			proxyType = 1;
			remoteGlobalIDString = BD041DD9284FE22000770505;
			remoteInfo = ios16_test;
		};
		BD041DF6284FE22100770505 /* PBXContainerItemProxy */ = {
			isa = PBXContainerItemProxy;
			containerPortal = BD041DD2284FE22000770505 /* Project object */;
			proxyType = 1;
			remoteGlobalIDString = BD041DD9284FE22000770505;
			remoteInfo = ios16_test;
		};
/* End PBXContainerItemProxy section */

/* Begin PBXFileReference section */
		BD041DDA284FE22000770505 /* ios16_test.app */ = {isa = PBXFileReference; explicitFileType = wrapper.application; includeInIndex = 0; path = ios16_test.app; sourceTree = BUILT_PRODUCTS_DIR; };
		BD041DDD284FE22000770505 /* ios16_testApp.swift */ = {isa = PBXFileReference; lastKnownFileType = sourcecode.swift; path = ios16_testApp.swift; sourceTree = "<group>"; };
		BD041DDF284FE22000770505 /* FizzBuzzContent.swift */ = {isa = PBXFileReference; lastKnownFileType = sourcecode.swift; path = FizzBuzzContent.swift; sourceTree = "<group>"; };
		BD041DE1284FE22100770505 /* Assets.xcassets */ = {isa = PBXFileReference; lastKnownFileType = folder.assetcatalog; path = Assets.xcassets; sourceTree = "<group>"; };
		BD041DE3284FE22100770505 /* ios16_test.entitlements */ = {isa = PBXFileReference; lastKnownFileType = text.plist.entitlements; path = ios16_test.entitlements; sourceTree = "<group>"; };
		BD041DE5284FE22100770505 /* Preview Assets.xcassets */ = {isa = PBXFileReference; lastKnownFileType = folder.assetcatalog; path = "Preview Assets.xcassets"; sourceTree = "<group>"; };
		BD041DEB284FE22100770505 /* ios16_testTests.xctest */ = {isa = PBXFileReference; explicitFileType = wrapper.cfbundle; includeInIndex = 0; path = ios16_testTests.xctest; sourceTree = BUILT_PRODUCTS_DIR; };
		BD041DEF284FE22100770505 /* ios16_testTests.swift */ = {isa = PBXFileReference; lastKnownFileType = sourcecode.swift; path = ios16_testTests.swift; sourceTree = "<group>"; };
		BD041DF5284FE22100770505 /* ios16_testUITests.xctest */ = {isa = PBXFileReference; explicitFileType = wrapper.cfbundle; includeInIndex = 0; path = ios16_testUITests.xctest; sourceTree = BUILT_PRODUCTS_DIR; };
		BD041DF9284FE22100770505 /* ios16_testUITests.swift */ = {isa = PBXFileReference; lastKnownFileType = sourcecode.swift; path = ios16_testUITests.swift; sourceTree = "<group>"; };
		BD041DFB284FE22100770505 /* ios16_testUITestsLaunchTests.swift */ = {isa = PBXFileReference; lastKnownFileType = sourcecode.swift; path = ios16_testUITestsLaunchTests.swift; sourceTree = "<group>"; };
		BD041E0E284FEB7400770505 /* TextCell.swift */ = {isa = PBXFileReference; lastKnownFileType = sourcecode.swift; path = TextCell.swift; sourceTree = "<group>"; };
		BD041E10284FEC2B00770505 /* FizzBuzzDetail.swift */ = {isa = PBXFileReference; lastKnownFileType = sourcecode.swift; path = FizzBuzzDetail.swift; sourceTree = "<group>"; };
		BD041E12284FEFC500770505 /* UIList.swift */ = {isa = PBXFileReference; lastKnownFileType = sourcecode.swift; path = UIList.swift; sourceTree = "<group>"; };
/* End PBXFileReference section */

/* Begin PBXFrameworksBuildPhase section */
		BD041DD7284FE22000770505 /* Frameworks */ = {
			isa = PBXFrameworksBuildPhase;
			buildActionMask = 2147483647;
			files = (
			);
			runOnlyForDeploymentPostprocessing = 0;
		};
		BD041DE8284FE22100770505 /* Frameworks */ = {
			isa = PBXFrameworksBuildPhase;
			buildActionMask = 2147483647;
			files = (
			);
			runOnlyForDeploymentPostprocessing = 0;
		};
		BD041DF2284FE22100770505 /* Frameworks */ = {
			isa = PBXFrameworksBuildPhase;
			buildActionMask = 2147483647;
			files = (
			);
			runOnlyForDeploymentPostprocessing = 0;
		};
/* End PBXFrameworksBuildPhase section */

/* Begin PBXGroup section */
		BD041DD1284FE22000770505 = {
			isa = PBXGroup;
			children = (
				BD041DDC284FE22000770505 /* ios16_test */,
				BD041DEE284FE22100770505 /* ios16_testTests */,
				BD041DF8284FE22100770505 /* ios16_testUITests */,
				BD041DDB284FE22000770505 /* Products */,
			);
			sourceTree = "<group>";
		};
		BD041DDB284FE22000770505 /* Products */ = {
			isa = PBXGroup;
			children = (
				BD041DDA284FE22000770505 /* ios16_test.app */,
				BD041DEB284FE22100770505 /* ios16_testTests.xctest */,
				BD041DF5284FE22100770505 /* ios16_testUITests.xctest */,
			);
			name = Products;
			sourceTree = "<group>";
		};
		BD041DDC284FE22000770505 /* ios16_test */ = {
			isa = PBXGroup;
			children = (
				BD041DDD284FE22000770505 /* ios16_testApp.swift */,
				BD041E152850F08700770505 /* UIKitWrapper */,
				BD041E142850F06A00770505 /* SwiftUIViews */,
				BD041DE1284FE22100770505 /* Assets.xcassets */,
				BD041DE3284FE22100770505 /* ios16_test.entitlements */,
				BD041DE4284FE22100770505 /* Preview Content */,
			);
			path = ios16_test;
			sourceTree = "<group>";
		};
		BD041DE4284FE22100770505 /* Preview Content */ = {
			isa = PBXGroup;
			children = (
				BD041DE5284FE22100770505 /* Preview Assets.xcassets */,
			);
			path = "Preview Content";
			sourceTree = "<group>";
		};
		BD041DEE284FE22100770505 /* ios16_testTests */ = {
			isa = PBXGroup;
			children = (
				BD041DEF284FE22100770505 /* ios16_testTests.swift */,
			);
			path = ios16_testTests;
			sourceTree = "<group>";
		};
		BD041DF8284FE22100770505 /* ios16_testUITests */ = {
			isa = PBXGroup;
			children = (
				BD041DF9284FE22100770505 /* ios16_testUITests.swift */,
				BD041DFB284FE22100770505 /* ios16_testUITestsLaunchTests.swift */,
			);
			path = ios16_testUITests;
			sourceTree = "<group>";
		};
		BD041E142850F06A00770505 /* SwiftUIViews */ = {
			isa = PBXGroup;
			children = (
				BD041DDF284FE22000770505 /* FizzBuzzContent.swift */,
				BD041E10284FEC2B00770505 /* FizzBuzzDetail.swift */,
				BD041E0E284FEB7400770505 /* TextCell.swift */,
			);
			path = SwiftUIViews;
			sourceTree = "<group>";
		};
		BD041E152850F08700770505 /* UIKitWrapper */ = {
			isa = PBXGroup;
			children = (
				BD041E12284FEFC500770505 /* UIList.swift */,
			);
			path = UIKitWrapper;
			sourceTree = "<group>";
		};
/* End PBXGroup section */

/* Begin PBXNativeTarget section */
		BD041DD9284FE22000770505 /* ios16_test */ = {
			isa = PBXNativeTarget;
			buildConfigurationList = BD041DFF284FE22100770505 /* Build configuration list for PBXNativeTarget "ios16_test" */;
			buildPhases = (
				BD041DD6284FE22000770505 /* Sources */,
				BD041DD7284FE22000770505 /* Frameworks */,
				BD041DD8284FE22000770505 /* Resources */,
			);
			buildRules = (
			);
			dependencies = (
			);
			name = ios16_test;
			productName = ios16_test;
			productReference = BD041DDA284FE22000770505 /* ios16_test.app */;
			productType = "com.apple.product-type.application";
		};
		BD041DEA284FE22100770505 /* ios16_testTests */ = {
			isa = PBXNativeTarget;
			buildConfigurationList = BD041E02284FE22100770505 /* Build configuration list for PBXNativeTarget "ios16_testTests" */;
			buildPhases = (
				BD041DE7284FE22100770505 /* Sources */,
				BD041DE8284FE22100770505 /* Frameworks */,
				BD041DE9284FE22100770505 /* Resources */,
			);
			buildRules = (
			);
			dependencies = (
				BD041DED284FE22100770505 /* PBXTargetDependency */,
			);
			name = ios16_testTests;
			productName = ios16_testTests;
			productReference = BD041DEB284FE22100770505 /* ios16_testTests.xctest */;
			productType = "com.apple.product-type.bundle.unit-test";
		};
		BD041DF4284FE22100770505 /* ios16_testUITests */ = {
			isa = PBXNativeTarget;
			buildConfigurationList = BD041E05284FE22100770505 /* Build configuration list for PBXNativeTarget "ios16_testUITests" */;
			buildPhases = (
				BD041DF1284FE22100770505 /* Sources */,
				BD041DF2284FE22100770505 /* Frameworks */,
				BD041DF3284FE22100770505 /* Resources */,
			);
			buildRules = (
			);
			dependencies = (
				BD041DF7284FE22100770505 /* PBXTargetDependency */,
			);
			name = ios16_testUITests;
			productName = ios16_testUITests;
			productReference = BD041DF5284FE22100770505 /* ios16_testUITests.xctest */;
			productType = "com.apple.product-type.bundle.ui-testing";
		};
/* End PBXNativeTarget section */

/* Begin PBXProject section */
		BD041DD2284FE22000770505 /* Project object */ = {
			isa = PBXProject;
			attributes = {
				BuildIndependentTargetsInParallel = 1;
				LastSwiftUpdateCheck = 1400;
				LastUpgradeCheck = 1400;
				TargetAttributes = {
					BD041DD9284FE22000770505 = {
						CreatedOnToolsVersion = 14.0;
					};
					BD041DEA284FE22100770505 = {
						CreatedOnToolsVersion = 14.0;
						TestTargetID = BD041DD9284FE22000770505;
					};
					BD041DF4284FE22100770505 = {
						CreatedOnToolsVersion = 14.0;
						TestTargetID = BD041DD9284FE22000770505;
					};
				};
			};
			buildConfigurationList = BD041DD5284FE22000770505 /* Build configuration list for PBXProject "ios16_test" */;
			compatibilityVersion = "Xcode 14.0";
			developmentRegion = en;
			hasScannedForEncodings = 0;
			knownRegions = (
				en,
				Base,
			);
			mainGroup = BD041DD1284FE22000770505;
			productRefGroup = BD041DDB284FE22000770505 /* Products */;
			projectDirPath = "";
			projectRoot = "";
			targets = (
				BD041DD9284FE22000770505 /* ios16_test */,
				BD041DEA284FE22100770505 /* ios16_testTests */,
				BD041DF4284FE22100770505 /* ios16_testUITests */,
			);
		};
/* End PBXProject section */

/* Begin PBXResourcesBuildPhase section */
		BD041DD8284FE22000770505 /* Resources */ = {
			isa = PBXResourcesBuildPhase;
			buildActionMask = 2147483647;
			files = (
				BD041DE6284FE22100770505 /* Preview Assets.xcassets in Resources */,
				BD041DE2284FE22100770505 /* Assets.xcassets in Resources */,
			);
			runOnlyForDeploymentPostprocessing = 0;
		};
		BD041DE9284FE22100770505 /* Resources */ = {
			isa = PBXResourcesBuildPhase;
			buildActionMask = 2147483647;
			files = (
			);
			runOnlyForDeploymentPostprocessing = 0;
		};
		BD041DF3284FE22100770505 /* Resources */ = {
			isa = PBXResourcesBuildPhase;
			buildActionMask = 2147483647;
			files = (
			);
			runOnlyForDeploymentPostprocessing = 0;
		};
/* End PBXResourcesBuildPhase section */

/* Begin PBXSourcesBuildPhase section */
		BD041DD6284FE22000770505 /* Sources */ = {
			isa = PBXSourcesBuildPhase;
			buildActionMask = 2147483647;
			files = (
				BD041E11284FEC2B00770505 /* FizzBuzzDetail.swift in Sources */,
				BD041E0F284FEB7400770505 /* TextCell.swift in Sources */,
				BD041DE0284FE22000770505 /* FizzBuzzContent.swift in Sources */,
				BD041DDE284FE22000770505 /* ios16_testApp.swift in Sources */,
				BD041E13284FEFC500770505 /* UIList.swift in Sources */,
			);
			runOnlyForDeploymentPostprocessing = 0;
		};
		BD041DE7284FE22100770505 /* Sources */ = {
			isa = PBXSourcesBuildPhase;
			buildActionMask = 2147483647;
			files = (
				BD041DF0284FE22100770505 /* ios16_testTests.swift in Sources */,
			);
			runOnlyForDeploymentPostprocessing = 0;
		};
		BD041DF1284FE22100770505 /* Sources */ = {
			isa = PBXSourcesBuildPhase;
			buildActionMask = 2147483647;
			files = (
				BD041DFA284FE22100770505 /* ios16_testUITests.swift in Sources */,
				BD041DFC284FE22100770505 /* ios16_testUITestsLaunchTests.swift in Sources */,
			);
			runOnlyForDeploymentPostprocessing = 0;
		};
/* End PBXSourcesBuildPhase section */

/* Begin PBXTargetDependency section */
		BD041DED284FE22100770505 /* PBXTargetDependency */ = {
			isa = PBXTargetDependency;
			target = BD041DD9284FE22000770505 /* ios16_test */;
			targetProxy = BD041DEC284FE22100770505 /* PBXContainerItemProxy */;
		};
		BD041DF7284FE22100770505 /* PBXTargetDependency */ = {
			isa = PBXTargetDependency;
			target = BD041DD9284FE22000770505 /* ios16_test */;
			targetProxy = BD041DF6284FE22100770505 /* PBXContainerItemProxy */;
		};
/* End PBXTargetDependency section */

/* Begin XCBuildConfiguration section */
		BD041DFD284FE22100770505 /* Debug */ = {
			isa = XCBuildConfiguration;
			buildSettings = {
				ALWAYS_SEARCH_USER_PATHS = NO;
				CLANG_ANALYZER_NONNULL = YES;
				CLANG_ANALYZER_NUMBER_OBJECT_CONVERSION = YES_AGGRESSIVE;
				CLANG_CXX_LANGUAGE_STANDARD = "gnu++17";
				CLANG_ENABLE_MODULES = YES;
				CLANG_ENABLE_OBJC_ARC = YES;
				CLANG_ENABLE_OBJC_WEAK = YES;
				CLANG_WARN_BLOCK_CAPTURE_AUTORELEASING = YES;
				CLANG_WARN_BOOL_CONVERSION = YES;
				CLANG_WARN_COMMA = YES;
				CLANG_WARN_CONSTANT_CONVERSION = YES;
				CLANG_WARN_DEPRECATED_OBJC_IMPLEMENTATIONS = YES;
				CLANG_WARN_DIRECT_OBJC_ISA_USAGE = YES_ERROR;
				CLANG_WARN_DOCUMENTATION_COMMENTS = YES;
				CLANG_WARN_EMPTY_BODY = YES;
				CLANG_WARN_ENUM_CONVERSION = YES;
				CLANG_WARN_INFINITE_RECURSION = YES;
				CLANG_WARN_INT_CONVERSION = YES;
				CLANG_WARN_NON_LITERAL_NULL_CONVERSION = YES;
				CLANG_WARN_OBJC_IMPLICIT_RETAIN_SELF = YES;
				CLANG_WARN_OBJC_LITERAL_CONVERSION = YES;
				CLANG_WARN_OBJC_ROOT_CLASS = YES_ERROR;
				CLANG_WARN_QUOTED_INCLUDE_IN_FRAMEWORK_HEADER = YES;
				CLANG_WARN_RANGE_LOOP_ANALYSIS = YES;
				CLANG_WARN_STRICT_PROTOTYPES = YES;
				CLANG_WARN_SUSPICIOUS_MOVE = YES;
				CLANG_WARN_UNGUARDED_AVAILABILITY = YES_AGGRESSIVE;
				CLANG_WARN_UNREACHABLE_CODE = YES;
				CLANG_WARN__DUPLICATE_METHOD_MATCH = YES;
				COPY_PHASE_STRIP = NO;
				DEBUG_INFORMATION_FORMAT = dwarf;
				ENABLE_STRICT_OBJC_MSGSEND = YES;
				ENABLE_TESTABILITY = YES;
				GCC_C_LANGUAGE_STANDARD = gnu11;
				GCC_DYNAMIC_NO_PIC = NO;
				GCC_NO_COMMON_BLOCKS = YES;
				GCC_OPTIMIZATION_LEVEL = 0;
				GCC_PREPROCESSOR_DEFINITIONS = (
					"DEBUG=1",
					"$(inherited)",
				);
				GCC_WARN_64_TO_32_BIT_CONVERSION = YES;
				GCC_WARN_ABOUT_RETURN_TYPE = YES_ERROR;
				GCC_WARN_UNDECLARED_SELECTOR = YES;
				GCC_WARN_UNINITIALIZED_AUTOS = YES_AGGRESSIVE;
				GCC_WARN_UNUSED_FUNCTION = YES;
				GCC_WARN_UNUSED_VARIABLE = YES;
				MTL_ENABLE_DEBUG_INFO = INCLUDE_SOURCE;
				MTL_FAST_MATH = YES;
				ONLY_ACTIVE_ARCH = YES;
				SWIFT_ACTIVE_COMPILATION_CONDITIONS = DEBUG;
				SWIFT_OPTIMIZATION_LEVEL = "-Onone";
			};
			name = Debug;
		};
		BD041DFE284FE22100770505 /* Release */ = {
			isa = XCBuildConfiguration;
			buildSettings = {
				ALWAYS_SEARCH_USER_PATHS = NO;
				CLANG_ANALYZER_NONNULL = YES;
				CLANG_ANALYZER_NUMBER_OBJECT_CONVERSION = YES_AGGRESSIVE;
				CLANG_CXX_LANGUAGE_STANDARD = "gnu++17";
				CLANG_ENABLE_MODULES = YES;
				CLANG_ENABLE_OBJC_ARC = YES;
				CLANG_ENABLE_OBJC_WEAK = YES;
				CLANG_WARN_BLOCK_CAPTURE_AUTORELEASING = YES;
				CLANG_WARN_BOOL_CONVERSION = YES;
				CLANG_WARN_COMMA = YES;
				CLANG_WARN_CONSTANT_CONVERSION = YES;
				CLANG_WARN_DEPRECATED_OBJC_IMPLEMENTATIONS = YES;
				CLANG_WARN_DIRECT_OBJC_ISA_USAGE = YES_ERROR;
				CLANG_WARN_DOCUMENTATION_COMMENTS = YES;
				CLANG_WARN_EMPTY_BODY = YES;
				CLANG_WARN_ENUM_CONVERSION = YES;
				CLANG_WARN_INFINITE_RECURSION = YES;
				CLANG_WARN_INT_CONVERSION = YES;
				CLANG_WARN_NON_LITERAL_NULL_CONVERSION = YES;
				CLANG_WARN_OBJC_IMPLICIT_RETAIN_SELF = YES;
				CLANG_WARN_OBJC_LITERAL_CONVERSION = YES;
				CLANG_WARN_OBJC_ROOT_CLASS = YES_ERROR;
				CLANG_WARN_QUOTED_INCLUDE_IN_FRAMEWORK_HEADER = YES;
				CLANG_WARN_RANGE_LOOP_ANALYSIS = YES;
				CLANG_WARN_STRICT_PROTOTYPES = YES;
				CLANG_WARN_SUSPICIOUS_MOVE = YES;
				CLANG_WARN_UNGUARDED_AVAILABILITY = YES_AGGRESSIVE;
				CLANG_WARN_UNREACHABLE_CODE = YES;
				CLANG_WARN__DUPLICATE_METHOD_MATCH = YES;
				COPY_PHASE_STRIP = NO;
				DEBUG_INFORMATION_FORMAT = "dwarf-with-dsym";
				ENABLE_NS_ASSERTIONS = NO;
				ENABLE_STRICT_OBJC_MSGSEND = YES;
				GCC_C_LANGUAGE_STANDARD = gnu11;
				GCC_NO_COMMON_BLOCKS = YES;
				GCC_WARN_64_TO_32_BIT_CONVERSION = YES;
				GCC_WARN_ABOUT_RETURN_TYPE = YES_ERROR;
				GCC_WARN_UNDECLARED_SELECTOR = YES;
				GCC_WARN_UNINITIALIZED_AUTOS = YES_AGGRESSIVE;
				GCC_WARN_UNUSED_FUNCTION = YES;
				GCC_WARN_UNUSED_VARIABLE = YES;
				MTL_ENABLE_DEBUG_INFO = NO;
				MTL_FAST_MATH = YES;
				SWIFT_COMPILATION_MODE = wholemodule;
				SWIFT_OPTIMIZATION_LEVEL = "-O";
			};
			name = Release;
		};
		BD041E00284FE22100770505 /* Debug */ = {
			isa = XCBuildConfiguration;
			buildSettings = {
				ASSETCATALOG_COMPILER_APPICON_NAME = AppIcon;
				ASSETCATALOG_COMPILER_GLOBAL_ACCENT_COLOR_NAME = AccentColor;
				CODE_SIGN_ENTITLEMENTS = ios16_test/ios16_test.entitlements;
				CODE_SIGN_STYLE = Automatic;
				CURRENT_PROJECT_VERSION = 1;
				DEVELOPMENT_ASSET_PATHS = "\"ios16_test/Preview Content\"";
				DEVELOPMENT_TEAM = Q844VW9UW4;
				ENABLE_HARDENED_RUNTIME = YES;
				ENABLE_PREVIEWS = YES;
				GENERATE_INFOPLIST_FILE = YES;
				"INFOPLIST_KEY_UILaunchScreen_Generation[sdk=iphoneos*]" = YES;
				"INFOPLIST_KEY_UILaunchScreen_Generation[sdk=iphonesimulator*]" = YES;
				INFOPLIST_KEY_UISupportedInterfaceOrientations_iPad = "UIInterfaceOrientationPortrait UIInterfaceOrientationPortraitUpsideDown UIInterfaceOrientationLandscapeLeft UIInterfaceOrientationLandscapeRight";
				INFOPLIST_KEY_UISupportedInterfaceOrientations_iPhone = "UIInterfaceOrientationPortrait UIInterfaceOrientationLandscapeLeft UIInterfaceOrientationLandscapeRight";
				IPHONEOS_DEPLOYMENT_TARGET = 16.0;
				LD_RUNPATH_SEARCH_PATHS = "@executable_path/Frameworks";
				"LD_RUNPATH_SEARCH_PATHS[sdk=macosx*]" = "@executable_path/../Frameworks";
				MACOSX_DEPLOYMENT_TARGET = 12.4;
				MARKETING_VERSION = 1.0;
				PRODUCT_BUNDLE_IDENTIFIER = "com.test.ios16-test";
				PRODUCT_NAME = "$(TARGET_NAME)";
				SDKROOT = auto;
				SUPPORTED_PLATFORMS = "iphoneos iphonesimulator macosx";
				SWIFT_EMIT_LOC_STRINGS = YES;
				SWIFT_VERSION = 5.0;
				TARGETED_DEVICE_FAMILY = "1,2";
			};
			name = Debug;
		};
		BD041E01284FE22100770505 /* Release */ = {
			isa = XCBuildConfiguration;
			buildSettings = {
				ASSETCATALOG_COMPILER_APPICON_NAME = AppIcon;
				ASSETCATALOG_COMPILER_GLOBAL_ACCENT_COLOR_NAME = AccentColor;
				CODE_SIGN_ENTITLEMENTS = ios16_test/ios16_test.entitlements;
				CODE_SIGN_STYLE = Automatic;
				CURRENT_PROJECT_VERSION = 1;
				DEVELOPMENT_ASSET_PATHS = "\"ios16_test/Preview Content\"";
				DEVELOPMENT_TEAM = Q844VW9UW4;
				ENABLE_HARDENED_RUNTIME = YES;
				ENABLE_PREVIEWS = YES;
				GENERATE_INFOPLIST_FILE = YES;
				"INFOPLIST_KEY_UILaunchScreen_Generation[sdk=iphoneos*]" = YES;
				"INFOPLIST_KEY_UILaunchScreen_Generation[sdk=iphonesimulator*]" = YES;
				INFOPLIST_KEY_UISupportedInterfaceOrientations_iPad = "UIInterfaceOrientationPortrait UIInterfaceOrientationPortraitUpsideDown UIInterfaceOrientationLandscapeLeft UIInterfaceOrientationLandscapeRight";
				INFOPLIST_KEY_UISupportedInterfaceOrientations_iPhone = "UIInterfaceOrientationPortrait UIInterfaceOrientationLandscapeLeft UIInterfaceOrientationLandscapeRight";
				IPHONEOS_DEPLOYMENT_TARGET = 16.0;
				LD_RUNPATH_SEARCH_PATHS = "@executable_path/Frameworks";
				"LD_RUNPATH_SEARCH_PATHS[sdk=macosx*]" = "@executable_path/../Frameworks";
				MACOSX_DEPLOYMENT_TARGET = 12.4;
				MARKETING_VERSION = 1.0;
				PRODUCT_BUNDLE_IDENTIFIER = "com.test.ios16-test";
				PRODUCT_NAME = "$(TARGET_NAME)";
				SDKROOT = auto;
				SUPPORTED_PLATFORMS = "iphoneos iphonesimulator macosx";
				SWIFT_EMIT_LOC_STRINGS = YES;
				SWIFT_VERSION = 5.0;
				TARGETED_DEVICE_FAMILY = "1,2";
			};
			name = Release;
		};
		BD041E03284FE22100770505 /* Debug */ = {
			isa = XCBuildConfiguration;
			buildSettings = {
				ALWAYS_EMBED_SWIFT_STANDARD_LIBRARIES = YES;
				BUNDLE_LOADER = "$(TEST_HOST)";
				CODE_SIGN_STYLE = Automatic;
				CURRENT_PROJECT_VERSION = 1;
				DEVELOPMENT_TEAM = Q844VW9UW4;
				GENERATE_INFOPLIST_FILE = YES;
				IPHONEOS_DEPLOYMENT_TARGET = 16.0;
				MACOSX_DEPLOYMENT_TARGET = 12.4;
				MARKETING_VERSION = 1.0;
				PRODUCT_BUNDLE_IDENTIFIER = "com.test.ios16-testTests";
				PRODUCT_NAME = "$(TARGET_NAME)";
				SDKROOT = auto;
				SUPPORTED_PLATFORMS = "iphoneos iphonesimulator macosx";
				SWIFT_EMIT_LOC_STRINGS = NO;
				SWIFT_VERSION = 5.0;
				TARGETED_DEVICE_FAMILY = "1,2";
				TEST_HOST = "$(BUILT_PRODUCTS_DIR)/ios16_test.app/$(BUNDLE_EXECUTABLE_FOLDER_PATH)/ios16_test";
			};
			name = Debug;
		};
		BD041E04284FE22100770505 /* Release */ = {
			isa = XCBuildConfiguration;
			buildSettings = {
				ALWAYS_EMBED_SWIFT_STANDARD_LIBRARIES = YES;
				BUNDLE_LOADER = "$(TEST_HOST)";
				CODE_SIGN_STYLE = Automatic;
				CURRENT_PROJECT_VERSION = 1;
				DEVELOPMENT_TEAM = Q844VW9UW4;
				GENERATE_INFOPLIST_FILE = YES;
				IPHONEOS_DEPLOYMENT_TARGET = 16.0;
				MACOSX_DEPLOYMENT_TARGET = 12.4;
				MARKETING_VERSION = 1.0;
				PRODUCT_BUNDLE_IDENTIFIER = "com.test.ios16-testTests";
				PRODUCT_NAME = "$(TARGET_NAME)";
				SDKROOT = auto;
				SUPPORTED_PLATFORMS = "iphoneos iphonesimulator macosx";
				SWIFT_EMIT_LOC_STRINGS = NO;
				SWIFT_VERSION = 5.0;
				TARGETED_DEVICE_FAMILY = "1,2";
				TEST_HOST = "$(BUILT_PRODUCTS_DIR)/ios16_test.app/$(BUNDLE_EXECUTABLE_FOLDER_PATH)/ios16_test";
			};
			name = Release;
		};
		BD041E06284FE22100770505 /* Debug */ = {
			isa = XCBuildConfiguration;
			buildSettings = {
				ALWAYS_EMBED_SWIFT_STANDARD_LIBRARIES = YES;
				CODE_SIGN_STYLE = Automatic;
				CURRENT_PROJECT_VERSION = 1;
				DEVELOPMENT_TEAM = Q844VW9UW4;
				GENERATE_INFOPLIST_FILE = YES;
				IPHONEOS_DEPLOYMENT_TARGET = 16.0;
				MACOSX_DEPLOYMENT_TARGET = 12.4;
				MARKETING_VERSION = 1.0;
				PRODUCT_BUNDLE_IDENTIFIER = "com.test.ios16-testUITests";
				PRODUCT_NAME = "$(TARGET_NAME)";
				SDKROOT = auto;
				SUPPORTED_PLATFORMS = "iphoneos iphonesimulator macosx";
				SWIFT_EMIT_LOC_STRINGS = NO;
				SWIFT_VERSION = 5.0;
				TARGETED_DEVICE_FAMILY = "1,2";
				TEST_TARGET_NAME = ios16_test;
			};
			name = Debug;
		};
		BD041E07284FE22100770505 /* Release */ = {
			isa = XCBuildConfiguration;
			buildSettings = {
				ALWAYS_EMBED_SWIFT_STANDARD_LIBRARIES = YES;
				CODE_SIGN_STYLE = Automatic;
				CURRENT_PROJECT_VERSION = 1;
				DEVELOPMENT_TEAM = Q844VW9UW4;
				GENERATE_INFOPLIST_FILE = YES;
				IPHONEOS_DEPLOYMENT_TARGET = 16.0;
				MACOSX_DEPLOYMENT_TARGET = 12.4;
				MARKETING_VERSION = 1.0;
				PRODUCT_BUNDLE_IDENTIFIER = "com.test.ios16-testUITests";
				PRODUCT_NAME = "$(TARGET_NAME)";
				SDKROOT = auto;
				SUPPORTED_PLATFORMS = "iphoneos iphonesimulator macosx";
				SWIFT_EMIT_LOC_STRINGS = NO;
				SWIFT_VERSION = 5.0;
				TARGETED_DEVICE_FAMILY = "1,2";
				TEST_TARGET_NAME = ios16_test;
			};
			name = Release;
		};
/* End XCBuildConfiguration section */

/* Begin XCConfigurationList section */
		BD041DD5284FE22000770505 /* Build configuration list for PBXProject "ios16_test" */ = {
			isa = XCConfigurationList;
			buildConfigurations = (
				BD041DFD284FE22100770505 /* Debug */,
				BD041DFE284FE22100770505 /* Release */,
			);
			defaultConfigurationIsVisible = 0;
			defaultConfigurationName = Release;
		};
		BD041DFF284FE22100770505 /* Build configuration list for PBXNativeTarget "ios16_test" */ = {
			isa = XCConfigurationList;
			buildConfigurations = (
				BD041E00284FE22100770505 /* Debug */,
				BD041E01284FE22100770505 /* Release */,
			);
			defaultConfigurationIsVisible = 0;
			defaultConfigurationName = Release;
		};
		BD041E02284FE22100770505 /* Build configuration list for PBXNativeTarget "ios16_testTests" */ = {
			isa = XCConfigurationList;
			buildConfigurations = (
				BD041E03284FE22100770505 /* Debug */,
				BD041E04284FE22100770505 /* Release */,
			);
			defaultConfigurationIsVisible = 0;
			defaultConfigurationName = Release;
		};
		BD041E05284FE22100770505 /* Build configuration list for PBXNativeTarget "ios16_testUITests" */ = {
			isa = XCConfigurationList;
			buildConfigurations = (
				BD041E06284FE22100770505 /* Debug */,
				BD041E07284FE22100770505 /* Release */,
			);
			defaultConfigurationIsVisible = 0;
			defaultConfigurationName = Release;
		};
/* End XCConfigurationList section */
	};
	rootObject = BD041DD2284FE22000770505 /* Project object */;
}
